// !$*UTF8*$!
{
	archiveVersion = 1;
	classes = {
	};
	objectVersion = 50;
	objects = {

/* Begin PBXBuildFile section */
		3A0717DC22E21583004B4120 /* AppDelegate.swift in Sources */ = {isa = PBXBuildFile; fileRef = 3A0717DB22E21583004B4120 /* AppDelegate.swift */; };
		3A0717E122E21583004B4120 /* Main.storyboard in Resources */ = {isa = PBXBuildFile; fileRef = 3A0717DF22E21583004B4120 /* Main.storyboard */; };
		3A0717E322E21584004B4120 /* Assets.xcassets in Resources */ = {isa = PBXBuildFile; fileRef = 3A0717E222E21584004B4120 /* Assets.xcassets */; };
		3A0717E622E21584004B4120 /* LaunchScreen.storyboard in Resources */ = {isa = PBXBuildFile; fileRef = 3A0717E422E21584004B4120 /* LaunchScreen.storyboard */; };
		3A0717F322E21688004B4120 /* Pair.swift in Sources */ = {isa = PBXBuildFile; fileRef = 3A0717F222E21688004B4120 /* Pair.swift */; };
		3A0717F522E217E1004B4120 /* Group.swift in Sources */ = {isa = PBXBuildFile; fileRef = 3A0717F422E217E1004B4120 /* Group.swift */; };
		3A0717F722E21824004B4120 /* PairController.swift in Sources */ = {isa = PBXBuildFile; fileRef = 3A0717F622E21824004B4120 /* PairController.swift */; };
		3A0717F922E22009004B4120 /* Name.swift in Sources */ = {isa = PBXBuildFile; fileRef = 3A0717F822E22009004B4120 /* Name.swift */; };
		3A0717FB22E22D87004B4120 /* GroupTableViewController.swift in Sources */ = {isa = PBXBuildFile; fileRef = 3A0717FA22E22D87004B4120 /* GroupTableViewController.swift */; };
/* End PBXBuildFile section */

/* Begin PBXFileReference section */
		3A0717D822E21583004B4120 /* Assessment6.app */ = {isa = PBXFileReference; explicitFileType = wrapper.application; includeInIndex = 0; path = Assessment6.app; sourceTree = BUILT_PRODUCTS_DIR; };
		3A0717DB22E21583004B4120 /* AppDelegate.swift */ = {isa = PBXFileReference; lastKnownFileType = sourcecode.swift; path = AppDelegate.swift; sourceTree = "<group>"; };
		3A0717E022E21583004B4120 /* Base */ = {isa = PBXFileReference; lastKnownFileType = file.storyboard; name = Base; path = Base.lproj/Main.storyboard; sourceTree = "<group>"; };
		3A0717E222E21584004B4120 /* Assets.xcassets */ = {isa = PBXFileReference; lastKnownFileType = folder.assetcatalog; path = Assets.xcassets; sourceTree = "<group>"; };
		3A0717E522E21584004B4120 /* Base */ = {isa = PBXFileReference; lastKnownFileType = file.storyboard; name = Base; path = Base.lproj/LaunchScreen.storyboard; sourceTree = "<group>"; };
		3A0717E722E21584004B4120 /* Info.plist */ = {isa = PBXFileReference; lastKnownFileType = text.plist.xml; path = Info.plist; sourceTree = "<group>"; };
		3A0717F222E21688004B4120 /* Pair.swift */ = {isa = PBXFileReference; lastKnownFileType = sourcecode.swift; path = Pair.swift; sourceTree = "<group>"; };
		3A0717F422E217E1004B4120 /* Group.swift */ = {isa = PBXFileReference; lastKnownFileType = sourcecode.swift; path = Group.swift; sourceTree = "<group>"; };
		3A0717F622E21824004B4120 /* PairController.swift */ = {isa = PBXFileReference; lastKnownFileType = sourcecode.swift; path = PairController.swift; sourceTree = "<group>"; };
		3A0717F822E22009004B4120 /* Name.swift */ = {isa = PBXFileReference; lastKnownFileType = sourcecode.swift; path = Name.swift; sourceTree = "<group>"; };
		3A0717FA22E22D87004B4120 /* GroupTableViewController.swift */ = {isa = PBXFileReference; lastKnownFileType = sourcecode.swift; path = GroupTableViewController.swift; sourceTree = "<group>"; };
/* End PBXFileReference section */

/* Begin PBXFrameworksBuildPhase section */
		3A0717D522E21583004B4120 /* Frameworks */ = {
			isa = PBXFrameworksBuildPhase;
			buildActionMask = 2147483647;
			files = (
			);
			runOnlyForDeploymentPostprocessing = 0;
		};
/* End PBXFrameworksBuildPhase section */

/* Begin PBXGroup section */
		3A0717CF22E21583004B4120 = {
			isa = PBXGroup;
			children = (
				3A0717DA22E21583004B4120 /* Assessment6 */,
				3A0717D922E21583004B4120 /* Products */,
			);
			sourceTree = "<group>";
		};
		3A0717D922E21583004B4120 /* Products */ = {
			isa = PBXGroup;
			children = (
				3A0717D822E21583004B4120 /* Assessment6.app */,
			);
			name = Products;
			sourceTree = "<group>";
		};
		3A0717DA22E21583004B4120 /* Assessment6 */ = {
			isa = PBXGroup;
			children = (
				3A0717EE22E2160F004B4120 /* Models */,
				3A0717EF22E21615004B4120 /* Model Controllers */,
				3A0717F022E2161C004B4120 /* View Controllers */,
				3A0717ED22E215FE004B4120 /* Resources */,
				3A0717DF22E21583004B4120 /* Main.storyboard */,
			);
			path = Assessment6;
			sourceTree = "<group>";
		};
		3A0717ED22E215FE004B4120 /* Resources */ = {
			isa = PBXGroup;
			children = (
				3A0717DB22E21583004B4120 /* AppDelegate.swift */,
				3A0717E222E21584004B4120 /* Assets.xcassets */,
				3A0717E422E21584004B4120 /* LaunchScreen.storyboard */,
				3A0717E722E21584004B4120 /* Info.plist */,
			);
			path = Resources;
			sourceTree = "<group>";
		};
		3A0717EE22E2160F004B4120 /* Models */ = {
			isa = PBXGroup;
			children = (
				3A0717F422E217E1004B4120 /* Group.swift */,
				3A0717F222E21688004B4120 /* Pair.swift */,
				3A0717F822E22009004B4120 /* Name.swift */,
			);
			path = Models;
			sourceTree = "<group>";
		};
		3A0717EF22E21615004B4120 /* Model Controllers */ = {
			isa = PBXGroup;
			children = (
				3A0717F622E21824004B4120 /* PairController.swift */,
			);
			path = "Model Controllers";
			sourceTree = "<group>";
		};
		3A0717F022E2161C004B4120 /* View Controllers */ = {
			isa = PBXGroup;
			children = (
				3A0717F122E21632004B4120 /* Custom Views */,
				3A0717FA22E22D87004B4120 /* GroupTableViewController.swift */,
			);
			path = "View Controllers";
			sourceTree = "<group>";
		};
		3A0717F122E21632004B4120 /* Custom Views */ = {
			isa = PBXGroup;
			children = (
			);
			path = "Custom Views";
			sourceTree = "<group>";
		};
/* End PBXGroup section */

/* Begin PBXNativeTarget section */
		3A0717D722E21583004B4120 /* Assessment6 */ = {
			isa = PBXNativeTarget;
			buildConfigurationList = 3A0717EA22E21584004B4120 /* Build configuration list for PBXNativeTarget "Assessment6" */;
			buildPhases = (
				3A0717D422E21583004B4120 /* Sources */,
				3A0717D522E21583004B4120 /* Frameworks */,
				3A0717D622E21583004B4120 /* Resources */,
			);
			buildRules = (
			);
			dependencies = (
			);
			name = Assessment6;
			productName = Assessment6;
			productReference = 3A0717D822E21583004B4120 /* Assessment6.app */;
			productType = "com.apple.product-type.application";
		};
/* End PBXNativeTarget section */

/* Begin PBXProject section */
		3A0717D022E21583004B4120 /* Project object */ = {
			isa = PBXProject;
			attributes = {
				LastSwiftUpdateCheck = 1020;
				LastUpgradeCheck = 1020;
				ORGANIZATIONNAME = "Drew Seeholzer";
				TargetAttributes = {
					3A0717D722E21583004B4120 = {
						CreatedOnToolsVersion = 10.2.1;
					};
				};
			};
			buildConfigurationList = 3A0717D322E21583004B4120 /* Build configuration list for PBXProject "Assessment6" */;
			compatibilityVersion = "Xcode 9.3";
			developmentRegion = en;
			hasScannedForEncodings = 0;
			knownRegions = (
				en,
				Base,
			);
			mainGroup = 3A0717CF22E21583004B4120;
			productRefGroup = 3A0717D922E21583004B4120 /* Products */;
			projectDirPath = "";
			projectRoot = "";
			targets = (
				3A0717D722E21583004B4120 /* Assessment6 */,
			);
		};
/* End PBXProject section */

/* Begin PBXResourcesBuildPhase section */
		3A0717D622E21583004B4120 /* Resources */ = {
			isa = PBXResourcesBuildPhase;
			buildActionMask = 2147483647;
			files = (
				3A0717E622E21584004B4120 /* LaunchScreen.storyboard in Resources */,
				3A0717E322E21584004B4120 /* Assets.xcassets in Resources */,
				3A0717E122E21583004B4120 /* Main.storyboard in Resources */,
			);
			runOnlyForDeploymentPostprocessing = 0;
		};
/* End PBXResourcesBuildPhase section */

/* Begin PBXSourcesBuildPhase section */
		3A0717D422E21583004B4120 /* Sources */ = {
			isa = PBXSourcesBuildPhase;
			buildActionMask = 2147483647;
			files = (
				3A0717F522E217E1004B4120 /* Group.swift in Sources */,
				3A0717DC22E21583004B4120 /* AppDelegate.swift in Sources */,
				3A0717F322E21688004B4120 /* Pair.swift in Sources */,
				3A0717F722E21824004B4120 /* PairController.swift in Sources */,
				3A0717F922E22009004B4120 /* Name.swift in Sources */,
				3A0717FB22E22D87004B4120 /* GroupTableViewController.swift in Sources */,
			);
			runOnlyForDeploymentPostprocessing = 0;
		};
/* End PBXSourcesBuildPhase section */

/* Begin PBXVariantGroup section */
		3A0717DF22E21583004B4120 /* Main.storyboard */ = {
			isa = PBXVariantGroup;
			children = (
				3A0717E022E21583004B4120 /* Base */,
			);
			name = Main.storyboard;
			sourceTree = "<group>";
		};
		3A0717E422E21584004B4120 /* LaunchScreen.storyboard */ = {
			isa = PBXVariantGroup;
			children = (
				3A0717E522E21584004B4120 /* Base */,
			);
			name = LaunchScreen.storyboard;
			sourceTree = "<group>";
		};
/* End PBXVariantGroup section */

/* Begin XCBuildConfiguration section */
		3A0717E822E21584004B4120 /* Debug */ = {
			isa = XCBuildConfiguration;
			buildSettings = {
				ALWAYS_SEARCH_USER_PATHS = NO;
				CLANG_ANALYZER_NONNULL = YES;
				CLANG_ANALYZER_NUMBER_OBJECT_CONVERSION = YES_AGGRESSIVE;
				CLANG_CXX_LANGUAGE_STANDARD = "gnu++14";
				CLANG_CXX_LIBRARY = "libc++";
				CLANG_ENABLE_MODULES = YES;
				CLANG_ENABLE_OBJC_ARC = YES;
				CLANG_ENABLE_OBJC_WEAK = YES;
				CLANG_WARN_BLOCK_CAPTURE_AUTORELEASING = YES;
				CLANG_WARN_BOOL_CONVERSION = YES;
				CLANG_WARN_COMMA = YES;
				CLANG_WARN_CONSTANT_CONVERSION = YES;
				CLANG_WARN_DEPRECATED_OBJC_IMPLEMENTATIONS = YES;
				CLANG_WARN_DIRECT_OBJC_ISA_USAGE = YES_ERROR;
				CLANG_WARN_DOCUMENTATION_COMMENTS = YES;
				CLANG_WARN_EMPTY_BODY = YES;
				CLANG_WARN_ENUM_CONVERSION = YES;
				CLANG_WARN_INFINITE_RECURSION = YES;
				CLANG_WARN_INT_CONVERSION = YES;
				CLANG_WARN_NON_LITERAL_NULL_CONVERSION = YES;
				CLANG_WARN_OBJC_IMPLICIT_RETAIN_SELF = YES;
				CLANG_WARN_OBJC_LITERAL_CONVERSION = YES;
				CLANG_WARN_OBJC_ROOT_CLASS = YES_ERROR;
				CLANG_WARN_RANGE_LOOP_ANALYSIS = YES;
				CLANG_WARN_STRICT_PROTOTYPES = YES;
				CLANG_WARN_SUSPICIOUS_MOVE = YES;
				CLANG_WARN_UNGUARDED_AVAILABILITY = YES_AGGRESSIVE;
				CLANG_WARN_UNREACHABLE_CODE = YES;
				CLANG_WARN__DUPLICATE_METHOD_MATCH = YES;
				CODE_SIGN_IDENTITY = "iPhone Developer";
				COPY_PHASE_STRIP = NO;
				DEBUG_INFORMATION_FORMAT = dwarf;
				ENABLE_STRICT_OBJC_MSGSEND = YES;
				ENABLE_TESTABILITY = YES;
				GCC_C_LANGUAGE_STANDARD = gnu11;
				GCC_DYNAMIC_NO_PIC = NO;
				GCC_NO_COMMON_BLOCKS = YES;
				GCC_OPTIMIZATION_LEVEL = 0;
				GCC_PREPROCESSOR_DEFINITIONS = (
					"DEBUG=1",
					"$(inherited)",
				);
				GCC_WARN_64_TO_32_BIT_CONVERSION = YES;
				GCC_WARN_ABOUT_RETURN_TYPE = YES_ERROR;
				GCC_WARN_UNDECLARED_SELECTOR = YES;
				GCC_WARN_UNINITIALIZED_AUTOS = YES_AGGRESSIVE;
				GCC_WARN_UNUSED_FUNCTION = YES;
				GCC_WARN_UNUSED_VARIABLE = YES;
				IPHONEOS_DEPLOYMENT_TARGET = 12.2;
				MTL_ENABLE_DEBUG_INFO = INCLUDE_SOURCE;
				MTL_FAST_MATH = YES;
				ONLY_ACTIVE_ARCH = YES;
				SDKROOT = iphoneos;
				SWIFT_ACTIVE_COMPILATION_CONDITIONS = DEBUG;
				SWIFT_OPTIMIZATION_LEVEL = "-Onone";
			};
			name = Debug;
		};
		3A0717E922E21584004B4120 /* Release */ = {
			isa = XCBuildConfiguration;
			buildSettings = {
				ALWAYS_SEARCH_USER_PATHS = NO;
				CLANG_ANALYZER_NONNULL = YES;
				CLANG_ANALYZER_NUMBER_OBJECT_CONVERSION = YES_AGGRESSIVE;
				CLANG_CXX_LANGUAGE_STANDARD = "gnu++14";
				CLANG_CXX_LIBRARY = "libc++";
				CLANG_ENABLE_MODULES = YES;
				CLANG_ENABLE_OBJC_ARC = YES;
				CLANG_ENABLE_OBJC_WEAK = YES;
				CLANG_WARN_BLOCK_CAPTURE_AUTORELEASING = YES;
				CLANG_WARN_BOOL_CONVERSION = YES;
				CLANG_WARN_COMMA = YES;
				CLANG_WARN_CONSTANT_CONVERSION = YES;
				CLANG_WARN_DEPRECATED_OBJC_IMPLEMENTATIONS = YES;
				CLANG_WARN_DIRECT_OBJC_ISA_USAGE = YES_ERROR;
				CLANG_WARN_DOCUMENTATION_COMMENTS = YES;
				CLANG_WARN_EMPTY_BODY = YES;
				CLANG_WARN_ENUM_CONVERSION = YES;
				CLANG_WARN_INFINITE_RECURSION = YES;
				CLANG_WARN_INT_CONVERSION = YES;
				CLANG_WARN_NON_LITERAL_NULL_CONVERSION = YES;
				CLANG_WARN_OBJC_IMPLICIT_RETAIN_SELF = YES;
				CLANG_WARN_OBJC_LITERAL_CONVERSION = YES;
				CLANG_WARN_OBJC_ROOT_CLASS = YES_ERROR;
				CLANG_WARN_RANGE_LOOP_ANALYSIS = YES;
				CLANG_WARN_STRICT_PROTOTYPES = YES;
				CLANG_WARN_SUSPICIOUS_MOVE = YES;
				CLANG_WARN_UNGUARDED_AVAILABILITY = YES_AGGRESSIVE;
				CLANG_WARN_UNREACHABLE_CODE = YES;
				CLANG_WARN__DUPLICATE_METHOD_MATCH = YES;
				CODE_SIGN_IDENTITY = "iPhone Developer";
				COPY_PHASE_STRIP = NO;
				DEBUG_INFORMATION_FORMAT = "dwarf-with-dsym";
				ENABLE_NS_ASSERTIONS = NO;
				ENABLE_STRICT_OBJC_MSGSEND = YES;
				GCC_C_LANGUAGE_STANDARD = gnu11;
				GCC_NO_COMMON_BLOCKS = YES;
				GCC_WARN_64_TO_32_BIT_CONVERSION = YES;
				GCC_WARN_ABOUT_RETURN_TYPE = YES_ERROR;
				GCC_WARN_UNDECLARED_SELECTOR = YES;
				GCC_WARN_UNINITIALIZED_AUTOS = YES_AGGRESSIVE;
				GCC_WARN_UNUSED_FUNCTION = YES;
				GCC_WARN_UNUSED_VARIABLE = YES;
				IPHONEOS_DEPLOYMENT_TARGET = 12.2;
				MTL_ENABLE_DEBUG_INFO = NO;
				MTL_FAST_MATH = YES;
				SDKROOT = iphoneos;
				SWIFT_COMPILATION_MODE = wholemodule;
				SWIFT_OPTIMIZATION_LEVEL = "-O";
				VALIDATE_PRODUCT = YES;
			};
			name = Release;
		};
		3A0717EB22E21584004B4120 /* Debug */ = {
			isa = XCBuildConfiguration;
			buildSettings = {
				ASSETCATALOG_COMPILER_APPICON_NAME = AppIcon;
				CODE_SIGN_STYLE = Automatic;
				DEVELOPMENT_TEAM = 49NKW8MQX9;
				INFOPLIST_FILE = "$(SRCROOT)/Assessment6/Resources/Info.plist";
				LD_RUNPATH_SEARCH_PATHS = (
					"$(inherited)",
					"@executable_path/Frameworks",
				);
				PRODUCT_BUNDLE_IDENTIFIER = Uhhhh.Assessment6;
				PRODUCT_NAME = "$(TARGET_NAME)";
				SWIFT_VERSION = 5.0;
				TARGETED_DEVICE_FAMILY = "1,2";
			};
			name = Debug;
		};
		3A0717EC22E21584004B4120 /* Release */ = {
			isa = XCBuildConfiguration;
			buildSettings = {
				ASSETCATALOG_COMPILER_APPICON_NAME = AppIcon;
				CODE_SIGN_STYLE = Automatic;
				DEVELOPMENT_TEAM = 49NKW8MQX9;
				INFOPLIST_FILE = "$(SRCROOT)/Assessment6/Resources/Info.plist";
				LD_RUNPATH_SEARCH_PATHS = (
					"$(inherited)",
					"@executable_path/Frameworks",
				);
				PRODUCT_BUNDLE_IDENTIFIER = Uhhhh.Assessment6;
				PRODUCT_NAME = "$(TARGET_NAME)";
				SWIFT_VERSION = 5.0;
				TARGETED_DEVICE_FAMILY = "1,2";
			};
			name = Release;
		};
/* End XCBuildConfiguration section */

/* Begin XCConfigurationList section */
		3A0717D322E21583004B4120 /* Build configuration list for PBXProject "Assessment6" */ = {
			isa = XCConfigurationList;
			buildConfigurations = (
				3A0717E822E21584004B4120 /* Debug */,
				3A0717E922E21584004B4120 /* Release */,
			);
			defaultConfigurationIsVisible = 0;
			defaultConfigurationName = Release;
		};
		3A0717EA22E21584004B4120 /* Build configuration list for PBXNativeTarget "Assessment6" */ = {
			isa = XCConfigurationList;
			buildConfigurations = (
				3A0717EB22E21584004B4120 /* Debug */,
				3A0717EC22E21584004B4120 /* Release */,
			);
			defaultConfigurationIsVisible = 0;
			defaultConfigurationName = Release;
		};
/* End XCConfigurationList section */
	};
	rootObject = 3A0717D022E21583004B4120 /* Project object */;
}
